
Microsoft Visual Studio Solution File, Format Version 12.00
Project("{FAE04EC0-301F-11D3-BF4B-00C04F79EFBC}") = "FileStoreService", "FileStoreService.csproj", "{97B3F555-9750-4D3C-BA7A-934FA4645CF4}"
EndProject
Project("{2150E333-8FDC-42A3-9474-1A3956D46DE8}") = "Solution Items", "Solution Items", "{3A2CB443-40ED-4EF2-A168-8894589C81D8}"
	ProjectSection(SolutionItems) = preProject
		compose.yaml = compose.yaml
	EndProjectSection
EndProject
Global
	GlobalSection(SolutionConfigurationPlatforms) = preSolution
		Debug|Any CPU = Debug|Any CPU
		Release|Any CPU = Release|Any CPU
	EndGlobalSection
	GlobalSection(ProjectConfigurationPlatforms) = postSolution
		{97B3F555-9750-4D3C-BA7A-934FA4645CF4}.Debug|Any CPU.ActiveCfg = Debug|Any CPU
		{97B3F555-9750-4D3C-BA7A-934FA4645CF4}.Debug|Any CPU.Build.0 = Debug|Any CPU
		{97B3F555-9750-4D3C-BA7A-934FA4645CF4}.Release|Any CPU.ActiveCfg = Release|Any CPU
		{97B3F555-9750-4D3C-BA7A-934FA4645CF4}.Release|Any CPU.Build.0 = Release|Any CPU
	EndGlobalSection
EndGlobal
